
Microsoft Visual Studio Solution File, Format Version 12.00
# Visual Studio Version 16
VisualStudioVersion = 16.0.30320.27
MinimumVisualStudioVersion = 10.0.40219.1
Project("{FAE04EC0-301F-11D3-BF4B-00C04F79EFBC}") = "TestApplicationLearn1", "TestApplicationLearn1\TestApplicationLearn1.csproj", "{EC74E40F-F53B-4937-BDE6-30507D65085A}"
EndProject
Global
	GlobalSection(SolutionConfigurationPlatforms) = preSolution
		Debug|Any CPU = Debug|Any CPU
		Release|Any CPU = Release|Any CPU
	EndGlobalSection
	GlobalSection(ProjectConfigurationPlatforms) = postSolution
		{EC74E40F-F53B-4937-BDE6-30507D65085A}.Debug|Any CPU.ActiveCfg = Debug|Any CPU
		{EC74E40F-F53B-4937-BDE6-30507D65085A}.Debug|Any CPU.Build.0 = Debug|Any CPU
		{EC74E40F-F53B-4937-BDE6-30507D65085A}.Release|Any CPU.ActiveCfg = Release|Any CPU
		{EC74E40F-F53B-4937-BDE6-30507D65085A}.Release|Any CPU.Build.0 = Release|Any CPU
	EndGlobalSection
	GlobalSection(SolutionProperties) = preSolution
		HideSolutionNode = FALSE
	EndGlobalSection
	GlobalSection(ExtensibilityGlobals) = postSolution
		SolutionGuid = {99764CCE-31E2-420C-B64C-B7C01DB918E5}
	EndGlobalSection
EndGlobal
